
Microsoft Visual Studio Solution File, Format Version 12.00
# Visual Studio Version 16
VisualStudioVersion = 16.0.30104.148
MinimumVisualStudioVersion = 10.0.40219.1
Project("{FAE04EC0-301F-11D3-BF4B-00C04F79EFBC}") = "Vendas", "Vendas\Vendas.csproj", "{E3F33CEE-7F0B-475D-BE6B-1F05DD9F556D}"
EndProject
Global
	GlobalSection(SolutionConfigurationPlatforms) = preSolution
		Debug|Any CPU = Debug|Any CPU
		Release|Any CPU = Release|Any CPU
	EndGlobalSection
	GlobalSection(ProjectConfigurationPlatforms) = postSolution
		{E3F33CEE-7F0B-475D-BE6B-1F05DD9F556D}.Debug|Any CPU.ActiveCfg = Debug|Any CPU
		{E3F33CEE-7F0B-475D-BE6B-1F05DD9F556D}.Debug|Any CPU.Build.0 = Debug|Any CPU
		{E3F33CEE-7F0B-475D-BE6B-1F05DD9F556D}.Release|Any CPU.ActiveCfg = Release|Any CPU
		{E3F33CEE-7F0B-475D-BE6B-1F05DD9F556D}.Release|Any CPU.Build.0 = Release|Any CPU
	EndGlobalSection
	GlobalSection(SolutionProperties) = preSolution
		HideSolutionNode = FALSE
	EndGlobalSection
	GlobalSection(ExtensibilityGlobals) = postSolution
		SolutionGuid = {E308993D-02BF-4C52-8B7C-180517810A8D}
	EndGlobalSection
EndGlobal
